// !$*UTF8*$!
{
	archiveVersion = 1;
	classes = {
	};
	objectVersion = 50;
	objects = {

/* Begin PBXBuildFile section */
		8168B6AA85E2B7A896C355C0 /* Pods_Network_Alamofire_SwiftyJson_SDWebImage.framework in Frameworks */ = {isa = PBXBuildFile; fileRef = 27F999D2C431DE1C679DCB44 /* Pods_Network_Alamofire_SwiftyJson_SDWebImage.framework */; };
		996B134F219737B100D3814D /* AppDelegate.swift in Sources */ = {isa = PBXBuildFile; fileRef = 996B134E219737B100D3814D /* AppDelegate.swift */; };
		996B1351219737B100D3814D /* ViewController.swift in Sources */ = {isa = PBXBuildFile; fileRef = 996B1350219737B100D3814D /* ViewController.swift */; };
		996B1354219737B100D3814D /* Main.storyboard in Resources */ = {isa = PBXBuildFile; fileRef = 996B1352219737B100D3814D /* Main.storyboard */; };
		996B1356219737B400D3814D /* Assets.xcassets in Resources */ = {isa = PBXBuildFile; fileRef = 996B1355219737B400D3814D /* Assets.xcassets */; };
		996B1359219737B400D3814D /* LaunchScreen.storyboard in Resources */ = {isa = PBXBuildFile; fileRef = 996B1357219737B400D3814D /* LaunchScreen.storyboard */; };
		996B136121973A2500D3814D /* NewsTableViewCell.swift in Sources */ = {isa = PBXBuildFile; fileRef = 996B136021973A2500D3814D /* NewsTableViewCell.swift */; };
		99E5992021973DD200D34C4D /* NewsVO.swift in Sources */ = {isa = PBXBuildFile; fileRef = 99E5991F21973DD200D34C4D /* NewsVO.swift */; };
/* End PBXBuildFile section */

/* Begin PBXFileReference section */
		27F999D2C431DE1C679DCB44 /* Pods_Network_Alamofire_SwiftyJson_SDWebImage.framework */ = {isa = PBXFileReference; explicitFileType = wrapper.framework; includeInIndex = 0; path = Pods_Network_Alamofire_SwiftyJson_SDWebImage.framework; sourceTree = BUILT_PRODUCTS_DIR; };
		5E9A0CBA92022A157DE15A69 /* Pods-Network-Alamofire-SwiftyJson-SDWebImage.release.xcconfig */ = {isa = PBXFileReference; includeInIndex = 1; lastKnownFileType = text.xcconfig; name = "Pods-Network-Alamofire-SwiftyJson-SDWebImage.release.xcconfig"; path = "Pods/Target Support Files/Pods-Network-Alamofire-SwiftyJson-SDWebImage/Pods-Network-Alamofire-SwiftyJson-SDWebImage.release.xcconfig"; sourceTree = "<group>"; };
		996B134B219737B100D3814D /* Network-Alamofire-SwiftyJson-SDWebImage.app */ = {isa = PBXFileReference; explicitFileType = wrapper.application; includeInIndex = 0; path = "Network-Alamofire-SwiftyJson-SDWebImage.app"; sourceTree = BUILT_PRODUCTS_DIR; };
		996B134E219737B100D3814D /* AppDelegate.swift */ = {isa = PBXFileReference; lastKnownFileType = sourcecode.swift; path = AppDelegate.swift; sourceTree = "<group>"; };
		996B1350219737B100D3814D /* ViewController.swift */ = {isa = PBXFileReference; lastKnownFileType = sourcecode.swift; path = ViewController.swift; sourceTree = "<group>"; };
		996B1353219737B100D3814D /* Base */ = {isa = PBXFileReference; lastKnownFileType = file.storyboard; name = Base; path = Base.lproj/Main.storyboard; sourceTree = "<group>"; };
		996B1355219737B400D3814D /* Assets.xcassets */ = {isa = PBXFileReference; lastKnownFileType = folder.assetcatalog; path = Assets.xcassets; sourceTree = "<group>"; };
		996B1358219737B400D3814D /* Base */ = {isa = PBXFileReference; lastKnownFileType = file.storyboard; name = Base; path = Base.lproj/LaunchScreen.storyboard; sourceTree = "<group>"; };
		996B135A219737B400D3814D /* Info.plist */ = {isa = PBXFileReference; lastKnownFileType = text.plist.xml; path = Info.plist; sourceTree = "<group>"; };
		996B136021973A2500D3814D /* NewsTableViewCell.swift */ = {isa = PBXFileReference; lastKnownFileType = sourcecode.swift; path = NewsTableViewCell.swift; sourceTree = "<group>"; };
		99E5991F21973DD200D34C4D /* NewsVO.swift */ = {isa = PBXFileReference; lastKnownFileType = sourcecode.swift; path = NewsVO.swift; sourceTree = "<group>"; };
		D7F73B7765D765C0682FEF37 /* Pods-Network-Alamofire-SwiftyJson-SDWebImage.debug.xcconfig */ = {isa = PBXFileReference; includeInIndex = 1; lastKnownFileType = text.xcconfig; name = "Pods-Network-Alamofire-SwiftyJson-SDWebImage.debug.xcconfig"; path = "Pods/Target Support Files/Pods-Network-Alamofire-SwiftyJson-SDWebImage/Pods-Network-Alamofire-SwiftyJson-SDWebImage.debug.xcconfig"; sourceTree = "<group>"; };
/* End PBXFileReference section */

/* Begin PBXFrameworksBuildPhase section */
		996B1348219737B100D3814D /* Frameworks */ = {
			isa = PBXFrameworksBuildPhase;
			buildActionMask = 2147483647;
			files = (
				8168B6AA85E2B7A896C355C0 /* Pods_Network_Alamofire_SwiftyJson_SDWebImage.framework in Frameworks */,
			);
			runOnlyForDeploymentPostprocessing = 0;
		};
/* End PBXFrameworksBuildPhase section */

/* Begin PBXGroup section */
		996B1342219737B100D3814D = {
			isa = PBXGroup;
			children = (
				996B134D219737B100D3814D /* Network-Alamofire-SwiftyJson-SDWebImage */,
				996B134C219737B100D3814D /* Products */,
				D6BF8D05E99265B08ECCCEFA /* Pods */,
				9CE66737A9AF02F3F1746BF4 /* Frameworks */,
			);
			sourceTree = "<group>";
		};
		996B134C219737B100D3814D /* Products */ = {
			isa = PBXGroup;
			children = (
				996B134B219737B100D3814D /* Network-Alamofire-SwiftyJson-SDWebImage.app */,
			);
			name = Products;
			sourceTree = "<group>";
		};
		996B134D219737B100D3814D /* Network-Alamofire-SwiftyJson-SDWebImage */ = {
			isa = PBXGroup;
			children = (
				99E5991E21973DC300D34C4D /* vos */,
				996B134E219737B100D3814D /* AppDelegate.swift */,
				996B1350219737B100D3814D /* ViewController.swift */,
				996B1352219737B100D3814D /* Main.storyboard */,
				996B1355219737B400D3814D /* Assets.xcassets */,
				996B1357219737B400D3814D /* LaunchScreen.storyboard */,
				996B135A219737B400D3814D /* Info.plist */,
				996B136021973A2500D3814D /* NewsTableViewCell.swift */,
			);
			path = "Network-Alamofire-SwiftyJson-SDWebImage";
			sourceTree = "<group>";
		};
		99E5991E21973DC300D34C4D /* vos */ = {
			isa = PBXGroup;
			children = (
				99E5991F21973DD200D34C4D /* NewsVO.swift */,
			);
			path = vos;
			sourceTree = "<group>";
		};
		9CE66737A9AF02F3F1746BF4 /* Frameworks */ = {
			isa = PBXGroup;
			children = (
				27F999D2C431DE1C679DCB44 /* Pods_Network_Alamofire_SwiftyJson_SDWebImage.framework */,
			);
			name = Frameworks;
			sourceTree = "<group>";
		};
		D6BF8D05E99265B08ECCCEFA /* Pods */ = {
			isa = PBXGroup;
			children = (
				D7F73B7765D765C0682FEF37 /* Pods-Network-Alamofire-SwiftyJson-SDWebImage.debug.xcconfig */,
				5E9A0CBA92022A157DE15A69 /* Pods-Network-Alamofire-SwiftyJson-SDWebImage.release.xcconfig */,
			);
			name = Pods;
			sourceTree = "<group>";
		};
/* End PBXGroup section */

/* Begin PBXNativeTarget section */
		996B134A219737B100D3814D /* Network-Alamofire-SwiftyJson-SDWebImage */ = {
			isa = PBXNativeTarget;
			buildConfigurationList = 996B135D219737B400D3814D /* Build configuration list for PBXNativeTarget "Network-Alamofire-SwiftyJson-SDWebImage" */;
			buildPhases = (
				E02E73CB28FA092FAD0CD053 /* [CP] Check Pods Manifest.lock */,
				996B1347219737B100D3814D /* Sources */,
				996B1348219737B100D3814D /* Frameworks */,
				996B1349219737B100D3814D /* Resources */,
				67F5A5C336B4FD548CB05FFE /* [CP] Embed Pods Frameworks */,
			);
			buildRules = (
			);
			dependencies = (
			);
			name = "Network-Alamofire-SwiftyJson-SDWebImage";
			productName = "Network-Alamofire-SwiftyJson-SDWebImage";
			productReference = 996B134B219737B100D3814D /* Network-Alamofire-SwiftyJson-SDWebImage.app */;
			productType = "com.apple.product-type.application";
		};
/* End PBXNativeTarget section */

/* Begin PBXProject section */
		996B1343219737B100D3814D /* Project object */ = {
			isa = PBXProject;
			attributes = {
				LastSwiftUpdateCheck = 1000;
				LastUpgradeCheck = 1000;
				ORGANIZATIONNAME = PADC;
				TargetAttributes = {
					996B134A219737B100D3814D = {
						CreatedOnToolsVersion = 10.0;
					};
				};
			};
			buildConfigurationList = 996B1346219737B100D3814D /* Build configuration list for PBXProject "Network-Alamofire-SwiftyJson-SDWebImage" */;
			compatibilityVersion = "Xcode 9.3";
			developmentRegion = en;
			hasScannedForEncodings = 0;
			knownRegions = (
				en,
				Base,
			);
			mainGroup = 996B1342219737B100D3814D;
			productRefGroup = 996B134C219737B100D3814D /* Products */;
			projectDirPath = "";
			projectRoot = "";
			targets = (
				996B134A219737B100D3814D /* Network-Alamofire-SwiftyJson-SDWebImage */,
			);
		};
/* End PBXProject section */

/* Begin PBXResourcesBuildPhase section */
		996B1349219737B100D3814D /* Resources */ = {
			isa = PBXResourcesBuildPhase;
			buildActionMask = 2147483647;
			files = (
				996B1359219737B400D3814D /* LaunchScreen.storyboard in Resources */,
				996B1356219737B400D3814D /* Assets.xcassets in Resources */,
				996B1354219737B100D3814D /* Main.storyboard in Resources */,
			);
			runOnlyForDeploymentPostprocessing = 0;
		};
/* End PBXResourcesBuildPhase section */

/* Begin PBXShellScriptBuildPhase section */
		67F5A5C336B4FD548CB05FFE /* [CP] Embed Pods Frameworks */ = {
			isa = PBXShellScriptBuildPhase;
			buildActionMask = 2147483647;
			files = (
			);
			inputPaths = (
				"${SRCROOT}/Pods/Target Support Files/Pods-Network-Alamofire-SwiftyJson-SDWebImage/Pods-Network-Alamofire-SwiftyJson-SDWebImage-frameworks.sh",
				"${BUILT_PRODUCTS_DIR}/Alamofire/Alamofire.framework",
				"${BUILT_PRODUCTS_DIR}/SDWebImage/SDWebImage.framework",
				"${BUILT_PRODUCTS_DIR}/SwiftyJSON/SwiftyJSON.framework",
			);
			name = "[CP] Embed Pods Frameworks";
			outputPaths = (
				"${TARGET_BUILD_DIR}/${FRAMEWORKS_FOLDER_PATH}/Alamofire.framework",
				"${TARGET_BUILD_DIR}/${FRAMEWORKS_FOLDER_PATH}/SDWebImage.framework",
				"${TARGET_BUILD_DIR}/${FRAMEWORKS_FOLDER_PATH}/SwiftyJSON.framework",
			);
			runOnlyForDeploymentPostprocessing = 0;
			shellPath = /bin/sh;
			shellScript = "\"${SRCROOT}/Pods/Target Support Files/Pods-Network-Alamofire-SwiftyJson-SDWebImage/Pods-Network-Alamofire-SwiftyJson-SDWebImage-frameworks.sh\"\n";
			showEnvVarsInLog = 0;
		};
		E02E73CB28FA092FAD0CD053 /* [CP] Check Pods Manifest.lock */ = {
			isa = PBXShellScriptBuildPhase;
			buildActionMask = 2147483647;
			files = (
			);
			inputPaths = (
				"${PODS_PODFILE_DIR_PATH}/Podfile.lock",
				"${PODS_ROOT}/Manifest.lock",
			);
			name = "[CP] Check Pods Manifest.lock";
			outputPaths = (
				"$(DERIVED_FILE_DIR)/Pods-Network-Alamofire-SwiftyJson-SDWebImage-checkManifestLockResult.txt",
			);
			runOnlyForDeploymentPostprocessing = 0;
			shellPath = /bin/sh;
			shellScript = "diff \"${PODS_PODFILE_DIR_PATH}/Podfile.lock\" \"${PODS_ROOT}/Manifest.lock\" > /dev/null\nif [ $? != 0 ] ; then\n    # print error to STDERR\n    echo \"error: The sandbox is not in sync with the Podfile.lock. Run 'pod install' or update your CocoaPods installation.\" >&2\n    exit 1\nfi\n# This output is used by Xcode 'outputs' to avoid re-running this script phase.\necho \"SUCCESS\" > \"${SCRIPT_OUTPUT_FILE_0}\"\n";
			showEnvVarsInLog = 0;
		};
/* End PBXShellScriptBuildPhase section */

/* Begin PBXSourcesBuildPhase section */
		996B1347219737B100D3814D /* Sources */ = {
			isa = PBXSourcesBuildPhase;
			buildActionMask = 2147483647;
			files = (
				996B1351219737B100D3814D /* ViewController.swift in Sources */,
				99E5992021973DD200D34C4D /* NewsVO.swift in Sources */,
				996B134F219737B100D3814D /* AppDelegate.swift in Sources */,
				996B136121973A2500D3814D /* NewsTableViewCell.swift in Sources */,
			);
			runOnlyForDeploymentPostprocessing = 0;
		};
/* End PBXSourcesBuildPhase section */

/* Begin PBXVariantGroup section */
		996B1352219737B100D3814D /* Main.storyboard */ = {
			isa = PBXVariantGroup;
			children = (
				996B1353219737B100D3814D /* Base */,
			);
			name = Main.storyboard;
			sourceTree = "<group>";
		};
		996B1357219737B400D3814D /* LaunchScreen.storyboard */ = {
			isa = PBXVariantGroup;
			children = (
				996B1358219737B400D3814D /* Base */,
			);
			name = LaunchScreen.storyboard;
			sourceTree = "<group>";
		};
/* End PBXVariantGroup section */

/* Begin XCBuildConfiguration section */
		996B135B219737B400D3814D /* Debug */ = {
			isa = XCBuildConfiguration;
			buildSettings = {
				ALWAYS_SEARCH_USER_PATHS = NO;
				CLANG_ANALYZER_NONNULL = YES;
				CLANG_ANALYZER_NUMBER_OBJECT_CONVERSION = YES_AGGRESSIVE;
				CLANG_CXX_LANGUAGE_STANDARD = "gnu++14";
				CLANG_CXX_LIBRARY = "libc++";
				CLANG_ENABLE_MODULES = YES;
				CLANG_ENABLE_OBJC_ARC = YES;
				CLANG_ENABLE_OBJC_WEAK = YES;
				CLANG_WARN_BLOCK_CAPTURE_AUTORELEASING = YES;
				CLANG_WARN_BOOL_CONVERSION = YES;
				CLANG_WARN_COMMA = YES;
				CLANG_WARN_CONSTANT_CONVERSION = YES;
				CLANG_WARN_DEPRECATED_OBJC_IMPLEMENTATIONS = YES;
				CLANG_WARN_DIRECT_OBJC_ISA_USAGE = YES_ERROR;
				CLANG_WARN_DOCUMENTATION_COMMENTS = YES;
				CLANG_WARN_EMPTY_BODY = YES;
				CLANG_WARN_ENUM_CONVERSION = YES;
				CLANG_WARN_INFINITE_RECURSION = YES;
				CLANG_WARN_INT_CONVERSION = YES;
				CLANG_WARN_NON_LITERAL_NULL_CONVERSION = YES;
				CLANG_WARN_OBJC_IMPLICIT_RETAIN_SELF = YES;
				CLANG_WARN_OBJC_LITERAL_CONVERSION = YES;
				CLANG_WARN_OBJC_ROOT_CLASS = YES_ERROR;
				CLANG_WARN_RANGE_LOOP_ANALYSIS = YES;
				CLANG_WARN_STRICT_PROTOTYPES = YES;
				CLANG_WARN_SUSPICIOUS_MOVE = YES;
				CLANG_WARN_UNGUARDED_AVAILABILITY = YES_AGGRESSIVE;
				CLANG_WARN_UNREACHABLE_CODE = YES;
				CLANG_WARN__DUPLICATE_METHOD_MATCH = YES;
				CODE_SIGN_IDENTITY = "iPhone Developer";
				COPY_PHASE_STRIP = NO;
				DEBUG_INFORMATION_FORMAT = dwarf;
				ENABLE_STRICT_OBJC_MSGSEND = YES;
				ENABLE_TESTABILITY = YES;
				GCC_C_LANGUAGE_STANDARD = gnu11;
				GCC_DYNAMIC_NO_PIC = NO;
				GCC_NO_COMMON_BLOCKS = YES;
				GCC_OPTIMIZATION_LEVEL = 0;
				GCC_PREPROCESSOR_DEFINITIONS = (
					"DEBUG=1",
					"$(inherited)",
				);
				GCC_WARN_64_TO_32_BIT_CONVERSION = YES;
				GCC_WARN_ABOUT_RETURN_TYPE = YES_ERROR;
				GCC_WARN_UNDECLARED_SELECTOR = YES;
				GCC_WARN_UNINITIALIZED_AUTOS = YES_AGGRESSIVE;
				GCC_WARN_UNUSED_FUNCTION = YES;
				GCC_WARN_UNUSED_VARIABLE = YES;
				IPHONEOS_DEPLOYMENT_TARGET = 12.0;
				MTL_ENABLE_DEBUG_INFO = INCLUDE_SOURCE;
				MTL_FAST_MATH = YES;
				ONLY_ACTIVE_ARCH = YES;
				SDKROOT = iphoneos;
				SWIFT_ACTIVE_COMPILATION_CONDITIONS = DEBUG;
				SWIFT_OPTIMIZATION_LEVEL = "-Onone";
			};
			name = Debug;
		};
		996B135C219737B400D3814D /* Release */ = {
			isa = XCBuildConfiguration;
			buildSettings = {
				ALWAYS_SEARCH_USER_PATHS = NO;
				CLANG_ANALYZER_NONNULL = YES;
				CLANG_ANALYZER_NUMBER_OBJECT_CONVERSION = YES_AGGRESSIVE;
				CLANG_CXX_LANGUAGE_STANDARD = "gnu++14";
				CLANG_CXX_LIBRARY = "libc++";
				CLANG_ENABLE_MODULES = YES;
				CLANG_ENABLE_OBJC_ARC = YES;
				CLANG_ENABLE_OBJC_WEAK = YES;
				CLANG_WARN_BLOCK_CAPTURE_AUTORELEASING = YES;
				CLANG_WARN_BOOL_CONVERSION = YES;
				CLANG_WARN_COMMA = YES;
				CLANG_WARN_CONSTANT_CONVERSION = YES;
				CLANG_WARN_DEPRECATED_OBJC_IMPLEMENTATIONS = YES;
				CLANG_WARN_DIRECT_OBJC_ISA_USAGE = YES_ERROR;
				CLANG_WARN_DOCUMENTATION_COMMENTS = YES;
				CLANG_WARN_EMPTY_BODY = YES;
				CLANG_WARN_ENUM_CONVERSION = YES;
				CLANG_WARN_INFINITE_RECURSION = YES;
				CLANG_WARN_INT_CONVERSION = YES;
				CLANG_WARN_NON_LITERAL_NULL_CONVERSION = YES;
				CLANG_WARN_OBJC_IMPLICIT_RETAIN_SELF = YES;
				CLANG_WARN_OBJC_LITERAL_CONVERSION = YES;
				CLANG_WARN_OBJC_ROOT_CLASS = YES_ERROR;
				CLANG_WARN_RANGE_LOOP_ANALYSIS = YES;
				CLANG_WARN_STRICT_PROTOTYPES = YES;
				CLANG_WARN_SUSPICIOUS_MOVE = YES;
				CLANG_WARN_UNGUARDED_AVAILABILITY = YES_AGGRESSIVE;
				CLANG_WARN_UNREACHABLE_CODE = YES;
				CLANG_WARN__DUPLICATE_METHOD_MATCH = YES;
				CODE_SIGN_IDENTITY = "iPhone Developer";
				COPY_PHASE_STRIP = NO;
				DEBUG_INFORMATION_FORMAT = "dwarf-with-dsym";
				ENABLE_NS_ASSERTIONS = NO;
				ENABLE_STRICT_OBJC_MSGSEND = YES;
				GCC_C_LANGUAGE_STANDARD = gnu11;
				GCC_NO_COMMON_BLOCKS = YES;
				GCC_WARN_64_TO_32_BIT_CONVERSION = YES;
				GCC_WARN_ABOUT_RETURN_TYPE = YES_ERROR;
				GCC_WARN_UNDECLARED_SELECTOR = YES;
				GCC_WARN_UNINITIALIZED_AUTOS = YES_AGGRESSIVE;
				GCC_WARN_UNUSED_FUNCTION = YES;
				GCC_WARN_UNUSED_VARIABLE = YES;
				IPHONEOS_DEPLOYMENT_TARGET = 12.0;
				MTL_ENABLE_DEBUG_INFO = NO;
				MTL_FAST_MATH = YES;
				SDKROOT = iphoneos;
				SWIFT_COMPILATION_MODE = wholemodule;
				SWIFT_OPTIMIZATION_LEVEL = "-O";
				VALIDATE_PRODUCT = YES;
			};
			name = Release;
		};
		996B135E219737B400D3814D /* Debug */ = {
			isa = XCBuildConfiguration;
			baseConfigurationReference = D7F73B7765D765C0682FEF37 /* Pods-Network-Alamofire-SwiftyJson-SDWebImage.debug.xcconfig */;
			buildSettings = {
				ASSETCATALOG_COMPILER_APPICON_NAME = AppIcon;
				CODE_SIGN_STYLE = Automatic;
				DEVELOPMENT_TEAM = 8B89XGZ5L7;
				INFOPLIST_FILE = "Network-Alamofire-SwiftyJson-SDWebImage/Info.plist";
				LD_RUNPATH_SEARCH_PATHS = (
					"$(inherited)",
					"@executable_path/Frameworks",
				);
				PRODUCT_BUNDLE_IDENTIFIER = "com.padc.Network-Alamofire-SwiftyJson-SDWebImage";
				PRODUCT_NAME = "$(TARGET_NAME)";
				SWIFT_VERSION = 4.2;
				TARGETED_DEVICE_FAMILY = "1,2";
			};
			name = Debug;
		};
		996B135F219737B400D3814D /* Release */ = {
			isa = XCBuildConfiguration;
			baseConfigurationReference = 5E9A0CBA92022A157DE15A69 /* Pods-Network-Alamofire-SwiftyJson-SDWebImage.release.xcconfig */;
			buildSettings = {
				ASSETCATALOG_COMPILER_APPICON_NAME = AppIcon;
				CODE_SIGN_STYLE = Automatic;
				DEVELOPMENT_TEAM = 8B89XGZ5L7;
				INFOPLIST_FILE = "Network-Alamofire-SwiftyJson-SDWebImage/Info.plist";
				LD_RUNPATH_SEARCH_PATHS = (
					"$(inherited)",
					"@executable_path/Frameworks",
				);
				PRODUCT_BUNDLE_IDENTIFIER = "com.padc.Network-Alamofire-SwiftyJson-SDWebImage";
				PRODUCT_NAME = "$(TARGET_NAME)";
				SWIFT_VERSION = 4.2;
				TARGETED_DEVICE_FAMILY = "1,2";
			};
			name = Release;
		};
/* End XCBuildConfiguration section */

/* Begin XCConfigurationList section */
		996B1346219737B100D3814D /* Build configuration list for PBXProject "Network-Alamofire-SwiftyJson-SDWebImage" */ = {
			isa = XCConfigurationList;
			buildConfigurations = (
				996B135B219737B400D3814D /* Debug */,
				996B135C219737B400D3814D /* Release */,
			);
			defaultConfigurationIsVisible = 0;
			defaultConfigurationName = Release;
		};
		996B135D219737B400D3814D /* Build configuration list for PBXNativeTarget "Network-Alamofire-SwiftyJson-SDWebImage" */ = {
			isa = XCConfigurationList;
			buildConfigurations = (
				996B135E219737B400D3814D /* Debug */,
				996B135F219737B400D3814D /* Release */,
			);
			defaultConfigurationIsVisible = 0;
			defaultConfigurationName = Release;
		};
/* End XCConfigurationList section */
	};
	rootObject = 996B1343219737B100D3814D /* Project object */;
}
